<?xml version="1.0" encoding="utf-8"?>
<Project ToolsVersion="4.0" xmlns="http://schemas.microsoft.com/developer/msbuild/2003">
  <ItemGroup>
    <Filter Include="Generated Files">
      <UniqueIdentifier>{a57f6e45-dd66-435c-b747-2413924d472e}</UniqueIdentifier>
    </Filter>
    <Filter Include="Source Files">
      <UniqueIdentifier>{5d357a2c-ea04-4805-8edd-bbd95cf9da2e}</UniqueIdentifier>
      <Extensions>cpp;c;edl;def; .. and other options</Extensions>
    </Filter>
    <Filter Include="Header Files">
      <UniqueIdentifier>{320f3c30-3bce-4e6f-89b2-47493ef8267e}</UniqueIdentifier>
      <Extensions>h;hpp; .. and other options</Extensions>
    </Filter>
    <Filter Include="Resource Files">
      <UniqueIdentifier>{aa920040-ac26-415c-b3b0-2249a91f0008}</UniqueIdentifier>
      <Extensions>rc;xml;pem; .. and other options</Extensions>
    </Filter>
  </ItemGroup>
  <ItemGroup>
    <ClCompile Include="passwordManagerEnclave_t.c">
      <Filter>Generated Files</Filter>
    </ClCompile>
    <ClCompile Include="passwordManagerEnclave.cpp">
      <Filter>Source Files</Filter>
    </ClCompile>
    <ClCompile Include="E_Crypto.cpp">
      <Filter>Source Files</Filter>
    </ClCompile>
    <ClCompile Include="E_DRNG.cpp">
      <Filter>Source Files</Filter>
    </ClCompile>
  </ItemGroup>
  <ItemGroup>
    <ClInclude Include="passwordManagerEnclave_t.h">
      <Filter>Generated Files</Filter>
    </ClInclude>
    <ClInclude Include="passwordManagerEnclave.h">
      <Filter>Source Files</Filter>
    </ClInclude>
    <ClInclude Include="E_Crypto.h">
      <Filter>Header Files</Filter>
    </ClInclude>
    <ClInclude Include="E_DRNG.h">
      <Filter>Header Files</Filter>
    </ClInclude>
  </ItemGroup>
  <ItemGroup>
    <None Include="passwordManagerEnclave_private.pem">
      <Filter>Resource Files</Filter>
    </None>
  </ItemGroup>
  <ItemGroup>
    <Xml Include="passwordManagerEnclave.config.xml">
      <Filter>Resource Files</Filter>
    </Xml>
  </ItemGroup>
  <ItemGroup>
    <Text Include="ReadMe.txt" />
  </ItemGroup>
  <ItemGroup>
    <CustomBuild Include="passwordManagerEnclave.edl">
      <Filter>Source Files</Filter>
    </CustomBuild>
  </ItemGroup>
</Project>